
Microsoft Visual Studio Solution File, Format Version 12.00
# Visual Studio Version 16
VisualStudioVersion = 16.0.31729.503
MinimumVisualStudioVersion = 10.0.40219.1
Project("{FAE04EC0-301F-11D3-BF4B-00C04F79EFBC}") = "Solution", "Solution\Solution.csproj", "{B5BC19E2-6E16-43A5-B74A-9CDF804204B1}"
EndProject
Global
	GlobalSection(SolutionConfigurationPlatforms) = preSolution
		Debug|Any CPU = Debug|Any CPU
		Release|Any CPU = Release|Any CPU
	EndGlobalSection
	GlobalSection(ProjectConfigurationPlatforms) = postSolution
		{B5BC19E2-6E16-43A5-B74A-9CDF804204B1}.Debug|Any CPU.ActiveCfg = Debug|Any CPU
		{B5BC19E2-6E16-43A5-B74A-9CDF804204B1}.Debug|Any CPU.Build.0 = Debug|Any CPU
		{B5BC19E2-6E16-43A5-B74A-9CDF804204B1}.Release|Any CPU.ActiveCfg = Release|Any CPU
		{B5BC19E2-6E16-43A5-B74A-9CDF804204B1}.Release|Any CPU.Build.0 = Release|Any CPU
	EndGlobalSection
	GlobalSection(SolutionProperties) = preSolution
		HideSolutionNode = FALSE
	EndGlobalSection
	GlobalSection(ExtensibilityGlobals) = postSolution
		SolutionGuid = {21C45EEA-6B30-4026-B608-82305A0519E5}
	EndGlobalSection
EndGlobal
